
Microsoft Visual Studio Solution File, Format Version 12.00
# Visual Studio Version 17
VisualStudioVersion = 17.7.34024.191
MinimumVisualStudioVersion = 10.0.40219.1
Project("{FAE04EC0-301F-11D3-BF4B-00C04F79EFBC}") = "Podgotovka№1", "Podgotovka№1\Podgotovka№1.csproj", "{17E0C3FB-9C3F-40CF-85C3-3CCC88AB991E}"
EndProject
Global
	GlobalSection(SolutionConfigurationPlatforms) = preSolution
		Debug|Any CPU = Debug|Any CPU
		Release|Any CPU = Release|Any CPU
	EndGlobalSection
	GlobalSection(ProjectConfigurationPlatforms) = postSolution
		{17E0C3FB-9C3F-40CF-85C3-3CCC88AB991E}.Debug|Any CPU.ActiveCfg = Debug|Any CPU
		{17E0C3FB-9C3F-40CF-85C3-3CCC88AB991E}.Debug|Any CPU.Build.0 = Debug|Any CPU
		{17E0C3FB-9C3F-40CF-85C3-3CCC88AB991E}.Release|Any CPU.ActiveCfg = Release|Any CPU
		{17E0C3FB-9C3F-40CF-85C3-3CCC88AB991E}.Release|Any CPU.Build.0 = Release|Any CPU
	EndGlobalSection
	GlobalSection(SolutionProperties) = preSolution
		HideSolutionNode = FALSE
	EndGlobalSection
	GlobalSection(ExtensibilityGlobals) = postSolution
		SolutionGuid = {298E24A6-5BEC-4FC4-8733-21C171BE5144}
	EndGlobalSection
EndGlobal
